Microsoft Visual Studio Solution File, Format Version 11.00
# Visual Studio 2008

Project("{40552548-8C12-BEB8-E905-9B22409728F1}") = "Directive901", "Assembly-CSharp.csproj", "{4548BD29-2328-53FB-A61A-C93FF4B0504C}"
EndProject
Global
	GlobalSection(SolutionConfigurationPlatforms) = preSolution
		Debug|Any CPU = Debug|Any CPU
		Release|Any CPU = Release|Any CPU
	EndGlobalSection
	GlobalSection(ProjectConfigurationPlatforms) = postSolution
		{4548BD29-2328-53FB-A61A-C93FF4B0504C}.Debug|Any CPU.ActiveCfg = Debug|Any CPU
		{4548BD29-2328-53FB-A61A-C93FF4B0504C}.Debug|Any CPU.Build.0 = Debug|Any CPU
		{4548BD29-2328-53FB-A61A-C93FF4B0504C}.Release|Any CPU.ActiveCfg = Release|Any CPU
		{4548BD29-2328-53FB-A61A-C93FF4B0504C}.Release|Any CPU.Build.0 = Release|Any CPU
	EndGlobalSection
	GlobalSection(SolutionProperties) = preSolution
		HideSolutionNode = FALSE
	EndGlobalSection
	GlobalSection(MonoDevelopProperties) = preSolution
		StartupItem = Assembly-CSharp.csproj
	EndGlobalSection
EndGlobal
